
Microsoft Visual Studio Solution File, Format Version 12.00
# Visual Studio 15
VisualStudioVersion = 15.0.26403.7
MinimumVisualStudioVersion = 10.0.40219.1
Project("{9A19103F-16F7-4668-BE54-9A1E7A4F7556}") = "Oakton", "Oakton\Oakton.csproj", "{1FED9C1C-DBA8-4A7C-A236-0CF2227189F9}"
EndProject
Project("{9A19103F-16F7-4668-BE54-9A1E7A4F7556}") = "OaktonSample", "OaktonSample\OaktonSample.csproj", "{80F4387A-D8DD-473B-915A-79E78CBE4C56}"
EndProject
Project("{9A19103F-16F7-4668-BE54-9A1E7A4F7556}") = "CommonAssemblyInfo", "CommonAssemblyInfo\CommonAssemblyInfo.csproj", "{CA795399-209A-4987-94CE-FFDB811B87A2}"
EndProject
Project("{FAE04EC0-301F-11D3-BF4B-00C04F79EFBC}") = "quickstart", "quickstart\quickstart.csproj", "{5B9270F2-D136-4515-A233-EBF5707D77FB}"
EndProject
Project("{FAE04EC0-301F-11D3-BF4B-00C04F79EFBC}") = "MultipleCommands", "MultipleCommands\MultipleCommands.csproj", "{481ABB0E-11DF-4E16-AD7C-B23009C7521D}"
EndProject
Project("{FAE04EC0-301F-11D3-BF4B-00C04F79EFBC}") = "MvcApp", "MvcApp\MvcApp.csproj", "{634B8118-F16D-4B5E-A5AE-2EAFC4ACB8F2}"
EndProject
Project("{FAE04EC0-301F-11D3-BF4B-00C04F79EFBC}") = "ExtensionCommands", "ExtensionCommands\ExtensionCommands.csproj", "{5C29CBFA-18EF-480F-9754-36137F9AE2B0}"
EndProject
Project("{FAE04EC0-301F-11D3-BF4B-00C04F79EFBC}") = "AspNetCoreExtensionCommands", "AspNetCoreExtensionCommands\AspNetCoreExtensionCommands.csproj", "{89020CC6-DA34-4A27-B90B-DCFDE02894A1}"
EndProject
Project("{FAE04EC0-301F-11D3-BF4B-00C04F79EFBC}") = "Tests", "Tests\Tests.csproj", "{54AEB3BC-11A7-4519-9A64-9F98187EE95A}"
EndProject
Project("{FAE04EC0-301F-11D3-BF4B-00C04F79EFBC}") = "EnvironmentCheckDemonstrator", "EnvironmentCheckDemonstrator\EnvironmentCheckDemonstrator.csproj", "{FB502E9E-95A0-415C-BDB9-EF8E2353A9C3}"
EndProject
Project("{FAE04EC0-301F-11D3-BF4B-00C04F79EFBC}") = "WorkerService", "WorkerService\WorkerService.csproj", "{2E9B5960-EA33-4519-989C-5D9BFF2BCFEE}"
EndProject
Project("{FAE04EC0-301F-11D3-BF4B-00C04F79EFBC}") = "Net5WebApi", "Net5WebApi\Net5WebApi.csproj", "{59731519-F9A1-4FE2-9525-DDF4214D2E77}"
EndProject
Global
	GlobalSection(SolutionConfigurationPlatforms) = preSolution
		Debug|Any CPU = Debug|Any CPU
		Release|Any CPU = Release|Any CPU
	EndGlobalSection
	GlobalSection(ProjectConfigurationPlatforms) = postSolution
		{1FED9C1C-DBA8-4A7C-A236-0CF2227189F9}.Debug|Any CPU.ActiveCfg = Debug|Any CPU
		{1FED9C1C-DBA8-4A7C-A236-0CF2227189F9}.Debug|Any CPU.Build.0 = Debug|Any CPU
		{1FED9C1C-DBA8-4A7C-A236-0CF2227189F9}.Release|Any CPU.ActiveCfg = Release|Any CPU
		{1FED9C1C-DBA8-4A7C-A236-0CF2227189F9}.Release|Any CPU.Build.0 = Release|Any CPU
		{80F4387A-D8DD-473B-915A-79E78CBE4C56}.Debug|Any CPU.ActiveCfg = Debug|Any CPU
		{80F4387A-D8DD-473B-915A-79E78CBE4C56}.Debug|Any CPU.Build.0 = Debug|Any CPU
		{80F4387A-D8DD-473B-915A-79E78CBE4C56}.Release|Any CPU.ActiveCfg = Release|Any CPU
		{80F4387A-D8DD-473B-915A-79E78CBE4C56}.Release|Any CPU.Build.0 = Release|Any CPU
		{CA795399-209A-4987-94CE-FFDB811B87A2}.Debug|Any CPU.ActiveCfg = Debug|Any CPU
		{CA795399-209A-4987-94CE-FFDB811B87A2}.Debug|Any CPU.Build.0 = Debug|Any CPU
		{CA795399-209A-4987-94CE-FFDB811B87A2}.Release|Any CPU.ActiveCfg = Release|Any CPU
		{CA795399-209A-4987-94CE-FFDB811B87A2}.Release|Any CPU.Build.0 = Release|Any CPU
		{5B9270F2-D136-4515-A233-EBF5707D77FB}.Debug|Any CPU.ActiveCfg = Debug|Any CPU
		{5B9270F2-D136-4515-A233-EBF5707D77FB}.Debug|Any CPU.Build.0 = Debug|Any CPU
		{5B9270F2-D136-4515-A233-EBF5707D77FB}.Release|Any CPU.ActiveCfg = Release|Any CPU
		{5B9270F2-D136-4515-A233-EBF5707D77FB}.Release|Any CPU.Build.0 = Release|Any CPU
		{481ABB0E-11DF-4E16-AD7C-B23009C7521D}.Debug|Any CPU.ActiveCfg = Debug|Any CPU
		{481ABB0E-11DF-4E16-AD7C-B23009C7521D}.Debug|Any CPU.Build.0 = Debug|Any CPU
		{481ABB0E-11DF-4E16-AD7C-B23009C7521D}.Release|Any CPU.ActiveCfg = Release|Any CPU
		{481ABB0E-11DF-4E16-AD7C-B23009C7521D}.Release|Any CPU.Build.0 = Release|Any CPU
		{634B8118-F16D-4B5E-A5AE-2EAFC4ACB8F2}.Debug|Any CPU.ActiveCfg = Debug|Any CPU
		{634B8118-F16D-4B5E-A5AE-2EAFC4ACB8F2}.Debug|Any CPU.Build.0 = Debug|Any CPU
		{634B8118-F16D-4B5E-A5AE-2EAFC4ACB8F2}.Release|Any CPU.ActiveCfg = Release|Any CPU
		{634B8118-F16D-4B5E-A5AE-2EAFC4ACB8F2}.Release|Any CPU.Build.0 = Release|Any CPU
		{5C29CBFA-18EF-480F-9754-36137F9AE2B0}.Debug|Any CPU.ActiveCfg = Debug|Any CPU
		{5C29CBFA-18EF-480F-9754-36137F9AE2B0}.Debug|Any CPU.Build.0 = Debug|Any CPU
		{5C29CBFA-18EF-480F-9754-36137F9AE2B0}.Release|Any CPU.ActiveCfg = Release|Any CPU
		{5C29CBFA-18EF-480F-9754-36137F9AE2B0}.Release|Any CPU.Build.0 = Release|Any CPU
		{89020CC6-DA34-4A27-B90B-DCFDE02894A1}.Debug|Any CPU.ActiveCfg = Debug|Any CPU
		{89020CC6-DA34-4A27-B90B-DCFDE02894A1}.Debug|Any CPU.Build.0 = Debug|Any CPU
		{89020CC6-DA34-4A27-B90B-DCFDE02894A1}.Release|Any CPU.ActiveCfg = Release|Any CPU
		{89020CC6-DA34-4A27-B90B-DCFDE02894A1}.Release|Any CPU.Build.0 = Release|Any CPU
		{54AEB3BC-11A7-4519-9A64-9F98187EE95A}.Debug|Any CPU.ActiveCfg = Debug|Any CPU
		{54AEB3BC-11A7-4519-9A64-9F98187EE95A}.Debug|Any CPU.Build.0 = Debug|Any CPU
		{54AEB3BC-11A7-4519-9A64-9F98187EE95A}.Release|Any CPU.ActiveCfg = Release|Any CPU
		{54AEB3BC-11A7-4519-9A64-9F98187EE95A}.Release|Any CPU.Build.0 = Release|Any CPU
		{FB502E9E-95A0-415C-BDB9-EF8E2353A9C3}.Debug|Any CPU.ActiveCfg = Debug|Any CPU
		{FB502E9E-95A0-415C-BDB9-EF8E2353A9C3}.Debug|Any CPU.Build.0 = Debug|Any CPU
		{FB502E9E-95A0-415C-BDB9-EF8E2353A9C3}.Release|Any CPU.ActiveCfg = Release|Any CPU
		{FB502E9E-95A0-415C-BDB9-EF8E2353A9C3}.Release|Any CPU.Build.0 = Release|Any CPU
		{2E9B5960-EA33-4519-989C-5D9BFF2BCFEE}.Debug|Any CPU.ActiveCfg = Debug|Any CPU
		{2E9B5960-EA33-4519-989C-5D9BFF2BCFEE}.Debug|Any CPU.Build.0 = Debug|Any CPU
		{2E9B5960-EA33-4519-989C-5D9BFF2BCFEE}.Release|Any CPU.ActiveCfg = Release|Any CPU
		{2E9B5960-EA33-4519-989C-5D9BFF2BCFEE}.Release|Any CPU.Build.0 = Release|Any CPU
		{59731519-F9A1-4FE2-9525-DDF4214D2E77}.Debug|Any CPU.ActiveCfg = Debug|Any CPU
		{59731519-F9A1-4FE2-9525-DDF4214D2E77}.Debug|Any CPU.Build.0 = Debug|Any CPU
		{59731519-F9A1-4FE2-9525-DDF4214D2E77}.Release|Any CPU.ActiveCfg = Release|Any CPU
		{59731519-F9A1-4FE2-9525-DDF4214D2E77}.Release|Any CPU.Build.0 = Release|Any CPU
	EndGlobalSection
	GlobalSection(SolutionProperties) = preSolution
		HideSolutionNode = FALSE
	EndGlobalSection
EndGlobal
